<?xml version="1.0" encoding="utf-8"?>
<Project ToolsVersion="4.0" xmlns="http://schemas.microsoft.com/developer/msbuild/2003">
  <ItemGroup>
    <Filter Include="Header++">
      <UniqueIdentifier>{f9567d08-2d9a-4477-9409-0abe2c41eb5e}</UniqueIdentifier>
    </Filter>
    <Filter Include="С++">
      <UniqueIdentifier>{4FC737F1-C7A5-4376-A066-2A32D752A2FF}</UniqueIdentifier>
      <Extensions>cpp;c;cc;cxx;def;odl;idl;hpj;bat;asm;asmx</Extensions>
    </Filter>
    <Filter Include="References">
      <UniqueIdentifier>{93995380-89BD-4b04-88EB-625FBE52EBFB}</UniqueIdentifier>
      <Extensions>h;hh;hpp;hxx;hm;inl;inc;ipp;xsd</Extensions>
    </Filter>
    <Filter Include="References\C++">
      <UniqueIdentifier>{c488e1df-9986-4114-9006-a14814d5147d}</UniqueIdentifier>
    </Filter>
    <Filter Include="Header++\Window_Procedure">
      <UniqueIdentifier>{42c44c78-58af-4dd2-9a3b-a28ba868bc33}</UniqueIdentifier>
    </Filter>
    <Filter Include="Header++\Window_Procedure\Functions">
      <UniqueIdentifier>{5dbde395-1d12-4310-9526-61a4bfa25c69}</UniqueIdentifier>
    </Filter>
    <Filter Include="Header++\Window_Procedure\Variables">
      <UniqueIdentifier>{d3be2543-d275-4e37-9eed-973c4481437b}</UniqueIdentifier>
    </Filter>
    <Filter Include="Header++\Present">
      <UniqueIdentifier>{90d55a9a-44ce-408a-b0e7-4d6a336ba939}</UniqueIdentifier>
    </Filter>
    <Filter Include="Header++\Present\Variables">
      <UniqueIdentifier>{11b905fd-f08c-4ba0-b3ea-e822905a6356}</UniqueIdentifier>
    </Filter>
    <Filter Include="Header++\I_Am_Graphical_User_Interface">
      <UniqueIdentifier>{99693836-9b32-4a2f-9201-664f8637c0c5}</UniqueIdentifier>
    </Filter>
    <Filter Include="Header++\I_Am_Graphical_User_Interface\Functions">
      <UniqueIdentifier>{1765e2a5-449f-4fa5-b9f6-2c0eb41e19b1}</UniqueIdentifier>
    </Filter>
    <Filter Include="Header++\Copy_User_Command">
      <UniqueIdentifier>{358ca9af-02df-4288-a0b0-40bb1b85a4c5}</UniqueIdentifier>
    </Filter>
    <Filter Include="Header++\Copy_User_Command\Functions">
      <UniqueIdentifier>{46620e47-35d7-4343-a82c-61b8d37bc441}</UniqueIdentifier>
    </Filter>
    <Filter Include="Header++\Copy_User_Command\Variables">
      <UniqueIdentifier>{b2a511d6-f122-4cfc-aa6c-eb588c1223c0}</UniqueIdentifier>
    </Filter>
    <Filter Include="Header++\Menu_Select">
      <UniqueIdentifier>{4be10014-a7bc-4fc5-a622-ffc1b253996e}</UniqueIdentifier>
    </Filter>
    <Filter Include="Header++\Menu_Select\Functions">
      <UniqueIdentifier>{1a6ca81c-3988-4816-ad37-b87ccbb2da18}</UniqueIdentifier>
    </Filter>
    <Filter Include="Header++\Menu_Select\Variables">
      <UniqueIdentifier>{4b8278c0-c0e8-460a-bfe9-3ea33d0564ed}</UniqueIdentifier>
    </Filter>
    <Filter Include="Header++\Physics_Simulate">
      <UniqueIdentifier>{76c818cd-3a61-440c-924f-3f4313f3c07a}</UniqueIdentifier>
    </Filter>
    <Filter Include="Header++\Physics_Simulate\Variables">
      <UniqueIdentifier>{8db0eac6-25bc-4077-83d8-48f502538156}</UniqueIdentifier>
    </Filter>
    <Filter Include="Header++\Physics_Simulate\Functions">
      <UniqueIdentifier>{2fe2ede2-3250-4a60-a48d-2c5720eae876}</UniqueIdentifier>
    </Filter>
    <Filter Include="Header++\Client_Send_Move">
      <UniqueIdentifier>{f310699c-ea5a-4bcc-ac55-57b47bc7dd1b}</UniqueIdentifier>
    </Filter>
    <Filter Include="Header++\Client_Send_Move\Functions">
      <UniqueIdentifier>{284ea5eb-d7c1-4da6-84f3-6a046ea79fdd}</UniqueIdentifier>
    </Filter>
    <Filter Include="Header++\Client_Send_Move\Variables">
      <UniqueIdentifier>{ad438a50-68f3-456a-9335-a4025f7eac2e}</UniqueIdentifier>
    </Filter>
    <Filter Include="Header++\Copy_User_Command\Structures">
      <UniqueIdentifier>{06b3d22a-438d-44a2-ab7f-78e70cce624a}</UniqueIdentifier>
    </Filter>
    <Filter Include="Header++\Controller_Move">
      <UniqueIdentifier>{6a34418f-7486-4868-8bfe-9bf51443cbd9}</UniqueIdentifier>
    </Filter>
    <Filter Include="Header++\Controller_Move\Functions">
      <UniqueIdentifier>{258a1f8d-a8ba-40d5-93c6-c87befc1ab73}</UniqueIdentifier>
    </Filter>
    <Filter Include="Header++\Controller_Move\Variables">
      <UniqueIdentifier>{0da09d25-aea7-4105-8123-678c4bd14d1b}</UniqueIdentifier>
    </Filter>
    <Filter Include="Header++\Redirection_Manager">
      <UniqueIdentifier>{b1688387-63a6-4d30-b7bd-4f8dccf973e2}</UniqueIdentifier>
    </Filter>
    <Filter Include="Header++\Redirection_Manager\Functions">
      <UniqueIdentifier>{86f38c33-8195-4358-9fec-2122f32e9a43}</UniqueIdentifier>
    </Filter>
    <Filter Include="Header++\Byte_Manager">
      <UniqueIdentifier>{2c98ea86-c2b8-43d2-9bc7-0d266fa74bac}</UniqueIdentifier>
    </Filter>
    <Filter Include="Header++\Chat_Print_Formatted">
      <UniqueIdentifier>{89c62fc1-31e2-4310-90c9-0cce1a47b5f6}</UniqueIdentifier>
    </Filter>
    <Filter Include="Header++\Chat_Print_Formatted\Variables">
      <UniqueIdentifier>{8713eb2e-1fb3-4bf0-87a8-d6bcb9b29dde}</UniqueIdentifier>
    </Filter>
    <Filter Include="Header++\Chat_Print_Formatted\Functions">
      <UniqueIdentifier>{e4d9fcaf-75ba-41c3-a32e-d744d19465a0}</UniqueIdentifier>
    </Filter>
    <Filter Include="Header++\Present\Functions">
      <UniqueIdentifier>{928d5e28-ec59-4ce4-848d-5dd5cf5ea101}</UniqueIdentifier>
    </Filter>
    <Filter Include="Header++\Byte_Manager\Functions">
      <UniqueIdentifier>{0fbb85cb-3b05-4710-95d0-6347a597bf6f}</UniqueIdentifier>
    </Filter>
    <Filter Include="Header++\Write_User_Command_Delta_To_Buffer">
      <UniqueIdentifier>{2cd90f8a-e041-480a-a2f2-d23d296a4039}</UniqueIdentifier>
    </Filter>
    <Filter Include="Header++\Write_User_Command_Delta_To_Buffer\Functions">
      <UniqueIdentifier>{fc70d4bd-9dac-45c5-b9db-28e401fcfe78}</UniqueIdentifier>
    </Filter>
    <Filter Include="Header++\Write_User_Command_Delta_To_Buffer\Variables">
      <UniqueIdentifier>{1d583f0a-a15d-49b1-b40e-b739a0f9f4ef}</UniqueIdentifier>
    </Filter>
  </ItemGroup>
  <ItemGroup>
    <ClCompile Include="Entry_Point.cpp">
      <Filter>С++</Filter>
    </ClCompile>
    <ClCompile Include="imgui\imgui.cpp">
      <Filter>References\C++</Filter>
    </ClCompile>
    <ClCompile Include="imgui\imgui_draw.cpp">
      <Filter>References\C++</Filter>
    </ClCompile>
    <ClCompile Include="imgui\examples\imgui_impl_dx9.cpp">
      <Filter>References\C++</Filter>
    </ClCompile>
    <ClCompile Include="imgui\examples\imgui_impl_win32.cpp">
      <Filter>References\C++</Filter>
    </ClCompile>
    <ClCompile Include="imgui\imgui_widgets.cpp">
      <Filter>References\C++</Filter>
    </ClCompile>
  </ItemGroup>
  <ItemGroup>
    <ClInclude Include="Window_Procedure.hpp">
      <Filter>Header++\Window_Procedure</Filter>
    </ClInclude>
    <ClInclude Include="Window_Procedure_Variables.hpp">
      <Filter>Header++\Window_Procedure\Variables</Filter>
    </ClInclude>
    <ClInclude Include="Window_Procedure_Functions.hpp">
      <Filter>Header++\Window_Procedure\Functions</Filter>
    </ClInclude>
    <ClInclude Include="Present.hpp">
      <Filter>Header++\Present</Filter>
    </ClInclude>
    <ClInclude Include="Present_Variables.hpp">
      <Filter>Header++\Present\Variables</Filter>
    </ClInclude>
    <ClInclude Include="Present_Functions.hpp">
      <Filter>Header++\Present\Functions</Filter>
    </ClInclude>
    <ClInclude Include="I_Am_Graphical_User_Interface_Functions.hpp">
      <Filter>Header++\I_Am_Graphical_User_Interface\Functions</Filter>
    </ClInclude>
    <ClInclude Include="Copy_User_Command.hpp">
      <Filter>Header++\Copy_User_Command</Filter>
    </ClInclude>
    <ClInclude Include="Copy_User_Command_Functions.hpp">
      <Filter>Header++\Copy_User_Command\Functions</Filter>
    </ClInclude>
    <ClInclude Include="Copy_User_Command_Variables.hpp">
      <Filter>Header++\Copy_User_Command\Variables</Filter>
    </ClInclude>
    <ClInclude Include="Includes.hpp">
      <Filter>Header++</Filter>
    </ClInclude>
    <ClInclude Include="Menu_Select_Functions.hpp">
      <Filter>Header++\Menu_Select\Functions</Filter>
    </ClInclude>
    <ClInclude Include="Menu_Select.hpp">
      <Filter>Header++\Menu_Select</Filter>
    </ClInclude>
    <ClInclude Include="Menu_Select_Variables.hpp">
      <Filter>Header++\Menu_Select\Variables</Filter>
    </ClInclude>
    <ClInclude Include="Physics_Simulate.hpp">
      <Filter>Header++\Physics_Simulate</Filter>
    </ClInclude>
    <ClInclude Include="Physics_Simulate_Variables.hpp">
      <Filter>Header++\Physics_Simulate\Variables</Filter>
    </ClInclude>
    <ClInclude Include="Physics_Simulate_Functions.hpp">
      <Filter>Header++\Physics_Simulate\Functions</Filter>
    </ClInclude>
    <ClInclude Include="Chat_Print_Formatted_Functions.hpp">
      <Filter>Header++\Chat_Print_Formatted\Functions</Filter>
    </ClInclude>
    <ClInclude Include="Chat_Print_Formatted_Variables.hpp">
      <Filter>Header++\Chat_Print_Formatted\Variables</Filter>
    </ClInclude>
    <ClInclude Include="Chat_Print_Formatted.hpp">
      <Filter>Header++\Chat_Print_Formatted</Filter>
    </ClInclude>
    <ClInclude Include="Client_Send_Move_Functions.hpp">
      <Filter>Header++\Client_Send_Move\Functions</Filter>
    </ClInclude>
    <ClInclude Include="Client_Send_Move_Variables.hpp">
      <Filter>Header++\Client_Send_Move\Variables</Filter>
    </ClInclude>
    <ClInclude Include="Client_Send_Move.hpp">
      <Filter>Header++\Client_Send_Move</Filter>
    </ClInclude>
    <ClInclude Include="Copy_User_Command_Structures.hpp">
      <Filter>Header++\Copy_User_Command\Structures</Filter>
    </ClInclude>
    <ClInclude Include="Controller_Move.hpp">
      <Filter>Header++\Controller_Move</Filter>
    </ClInclude>
    <ClInclude Include="Controller_Move_Variables.hpp">
      <Filter>Header++\Controller_Move\Variables</Filter>
    </ClInclude>
    <ClInclude Include="Controller_Move_Functions.hpp">
      <Filter>Header++\Controller_Move\Functions</Filter>
    </ClInclude>
    <ClInclude Include="Redirection_Manager_Functions.hpp">
      <Filter>Header++\Redirection_Manager\Functions</Filter>
    </ClInclude>
    <ClInclude Include="Redirection_Manager.hpp">
      <Filter>Header++\Redirection_Manager</Filter>
    </ClInclude>
    <ClInclude Include="Byte_Manager_Functions.hpp">
      <Filter>Header++\Byte_Manager\Functions</Filter>
    </ClInclude>
    <ClInclude Include="Byte_Manager_Find_Bytes.hpp">
      <Filter>Header++\Byte_Manager\Functions</Filter>
    </ClInclude>
    <ClInclude Include="Byte_Manager_Copy_Bytes.hpp">
      <Filter>Header++\Byte_Manager\Functions</Filter>
    </ClInclude>
    <ClInclude Include="Byte_Manager.hpp">
      <Filter>Header++\Byte_Manager</Filter>
    </ClInclude>
    <ClInclude Include="I_Am_Graphical_User_Interface.hpp">
      <Filter>Header++\I_Am_Graphical_User_Interface</Filter>
    </ClInclude>
    <ClInclude Include="Redirection_Manager_Redirect_Function.hpp">
      <Filter>Header++\Redirection_Manager\Functions</Filter>
    </ClInclude>
    <ClInclude Include="Window_Procedure_Initialize_Window_Procedure.hpp">
      <Filter>Header++\Window_Procedure\Functions</Filter>
    </ClInclude>
    <ClInclude Include="Window_Procedure_Redirect_Window_Procedure.hpp">
      <Filter>Header++\Window_Procedure\Functions</Filter>
    </ClInclude>
    <ClInclude Include="Window_Procedure_Redirected_Window_Procedure.hpp">
      <Filter>Header++\Window_Procedure\Functions</Filter>
    </ClInclude>
    <ClInclude Include="Present_Initialize_Present.hpp">
      <Filter>Header++\Present\Functions</Filter>
    </ClInclude>
    <ClInclude Include="Present_Redirect_Present.hpp">
      <Filter>Header++\Present\Functions</Filter>
    </ClInclude>
    <ClInclude Include="Present_Redirected_Present.hpp">
      <Filter>Header++\Present\Functions</Filter>
    </ClInclude>
    <ClInclude Include="Menu_Select_Redirect_Menu_Select.hpp">
      <Filter>Header++\Menu_Select\Functions</Filter>
    </ClInclude>
    <ClInclude Include="Menu_Select_Initialize_Menu_Select.hpp">
      <Filter>Header++\Menu_Select\Functions</Filter>
    </ClInclude>
    <ClInclude Include="Menu_Select_Redirected_Menu_Select.hpp">
      <Filter>Header++\Menu_Select\Functions</Filter>
    </ClInclude>
    <ClInclude Include="I_Am_Graphical_User_Interface_Initialize_I_Am_Graphical_User_Interface.hpp">
      <Filter>Header++\I_Am_Graphical_User_Interface\Functions</Filter>
    </ClInclude>
    <ClInclude Include="Copy_User_Command_Initialize_Copy_User_Command.hpp">
      <Filter>Header++\Copy_User_Command\Functions</Filter>
    </ClInclude>
    <ClInclude Include="Copy_User_Command_Redirect_Copy_User_Command.hpp">
      <Filter>Header++\Copy_User_Command\Functions</Filter>
    </ClInclude>
    <ClInclude Include="Copy_User_Command_Redirected_Copy_User_Command.hpp">
      <Filter>Header++\Copy_User_Command\Functions</Filter>
    </ClInclude>
    <ClInclude Include="Controller_Move_Initialize_Controller_Move.hpp">
      <Filter>Header++\Controller_Move\Functions</Filter>
    </ClInclude>
    <ClInclude Include="Controller_Move_Redirect_Controller_Move.hpp">
      <Filter>Header++\Controller_Move\Functions</Filter>
    </ClInclude>
    <ClInclude Include="Controller_Move_Redirected_Controller_Move.hpp">
      <Filter>Header++\Controller_Move\Functions</Filter>
    </ClInclude>
    <ClInclude Include="Chat_Print_Formatted_Redirect_Chat_Print_Formatted.hpp">
      <Filter>Header++\Chat_Print_Formatted\Functions</Filter>
    </ClInclude>
    <ClInclude Include="Chat_Print_Formatted_Initialize_Chat_Print_Formatted.hpp">
      <Filter>Header++\Chat_Print_Formatted\Functions</Filter>
    </ClInclude>
    <ClInclude Include="Copy_User_Command_Route_Structure.hpp">
      <Filter>Header++\Copy_User_Command\Structures</Filter>
    </ClInclude>
    <ClInclude Include="Copy_User_Command_Compressed_User_Command_Structure.hpp">
      <Filter>Header++\Copy_User_Command\Structures</Filter>
    </ClInclude>
    <ClInclude Include="Copy_User_Command_Source_User_Command_Structure.hpp">
      <Filter>Header++\Copy_User_Command\Structures</Filter>
    </ClInclude>
    <ClInclude Include="Copy_User_Command_Global_Offensive_User_Command_Structure.hpp">
      <Filter>Header++\Copy_User_Command\Structures</Filter>
    </ClInclude>
    <ClInclude Include="Write_User_Command_Delta_To_Buffer.hpp">
      <Filter>Header++\Write_User_Command_Delta_To_Buffer</Filter>
    </ClInclude>
    <ClInclude Include="Write_User_Command_Delta_To_Buffer_Variables.hpp">
      <Filter>Header++\Write_User_Command_Delta_To_Buffer\Variables</Filter>
    </ClInclude>
    <ClInclude Include="Write_User_Command_Delta_To_Buffer_Functions.hpp">
      <Filter>Header++\Write_User_Command_Delta_To_Buffer\Functions</Filter>
    </ClInclude>
    <ClInclude Include="Client_Send_Move_Redirect_Client_Send_Move.hpp">
      <Filter>Header++\Client_Send_Move\Functions</Filter>
    </ClInclude>
    <ClInclude Include="Client_Send_Move_Redirected_Client_Send_Move.hpp">
      <Filter>Header++\Client_Send_Move\Functions</Filter>
    </ClInclude>
    <ClInclude Include="Physics_Simulate_Redirect_Physics_Simulate.hpp">
      <Filter>Header++\Physics_Simulate\Functions</Filter>
    </ClInclude>
    <ClInclude Include="Physics_Simulate_Redirected_Physics_Simulate.hpp">
      <Filter>Header++\Physics_Simulate\Functions</Filter>
    </ClInclude>
    <ClInclude Include="Write_User_Command_Delta_To_Buffer_Redirected_Write_User_Command_Delta_To_Buffer.hpp">
      <Filter>Header++\Write_User_Command_Delta_To_Buffer\Functions</Filter>
    </ClInclude>
    <ClInclude Include="Write_User_Command_Delta_To_Buffer_Redirect_Write_User_Command_Delta_To_Buffer.hpp">
      <Filter>Header++\Write_User_Command_Delta_To_Buffer\Functions</Filter>
    </ClInclude>
    <ClInclude Include="Chat_Print_Formatted_Redirected_Chat_Print_Formatted_Source.hpp">
      <Filter>Header++\Chat_Print_Formatted\Functions</Filter>
    </ClInclude>
    <ClInclude Include="Chat_Print_Formatted_Redirected_Chat_Print_Formatted_Global_Offensive.hpp">
      <Filter>Header++\Chat_Print_Formatted\Functions</Filter>
    </ClInclude>
    <ClInclude Include="Chat_Print_Formatted_Handle_Formatted_Message.hpp">
      <Filter>Header++\Chat_Print_Formatted\Functions</Filter>
    </ClInclude>
  </ItemGroup>
</Project>